
Microsoft Visual Studio Solution File, Format Version 12.00
# Visual Studio 2015
Project("{FAE04EC0-301F-11D3-BF4B-00C04F79EFBC}") = "MultiplayerPOC", "MultiplayerPOC.csproj", "{343ACEA1-8C1C-2F37-0864-F166486AB46E}"
EndProject
Global
	GlobalSection(SolutionConfigurationPlatforms) = preSolution
		Debug|Any CPU = Debug|Any CPU
		Release|Any CPU = Release|Any CPU
	EndGlobalSection
	GlobalSection(ProjectConfigurationPlatforms) = postSolution
		{343ACEA1-8C1C-2F37-0864-F166486AB46E}.Debug|Any CPU.ActiveCfg = Debug|Any CPU
		{343ACEA1-8C1C-2F37-0864-F166486AB46E}.Debug|Any CPU.Build.0 = Debug|Any CPU
		{343ACEA1-8C1C-2F37-0864-F166486AB46E}.Release|Any CPU.ActiveCfg = Release|Any CPU
		{343ACEA1-8C1C-2F37-0864-F166486AB46E}.Release|Any CPU.Build.0 = Release|Any CPU
	EndGlobalSection
	GlobalSection(SolutionProperties) = preSolution
		HideSolutionNode = FALSE
	EndGlobalSection
EndGlobal
